
Microsoft Visual Studio Solution File, Format Version 12.00
# Visual Studio 15
VisualStudioVersion = 15.0.27004.2010
MinimumVisualStudioVersion = 10.0.40219.1
Project("{2150E333-8FDC-42A3-9474-1A3956D46DE8}") = "source", "source", "{56123580-99E9-45AC-8300-ABF8EE1D021E}"
EndProject
Project("{FAE04EC0-301F-11D3-BF4B-00C04F79EFBC}") = "HolisticWare_Core_Net_HTTP.Sample.XamarinAndroid.UITests", "HolisticWare_Core_Net_HTTP.Sample.XamarinAndroid.UITests\HolisticWare_Core_Net_HTTP.Sample.XamarinAndroid.UITests.csproj", "{AD2E7560-B310-4344-ABF6-24F1E0FD88D9}"
EndProject
Project("{2150E333-8FDC-42A3-9474-1A3956D46DE8}") = "tests", "tests", "{F413C3C6-135B-4C3A-B184-75E384D1B176}"
EndProject
Project("{2150E333-8FDC-42A3-9474-1A3956D46DE8}") = "unit-tests", "unit-tests", "{BD91CBF8-179D-40F9-9B36-36C4CA5E79E2}"
EndProject
Project("{2150E333-8FDC-42A3-9474-1A3956D46DE8}") = "ui-tests", "ui-tests", "{CBE1664F-9157-42A6-902E-0E7C3B1447FF}"
EndProject
Project("{FAE04EC0-301F-11D3-BF4B-00C04F79EFBC}") = "HolisticWare_Core_Net_HTTP.Sample.XamarinIOS.UITests", "HolisticWare_Core_Net_HTTP.Sample.XamarinIOS.UITests\HolisticWare_Core_Net_HTTP.Sample.XamarinIOS.UITests.csproj", "{CB527209-EAE0-4741-A97D-D5167186EEAC}"
EndProject
Project("{9A19103F-16F7-4668-BE54-9A1E7A4F7556}") = "HolisticWare_Core_Net_HTTP.NetStandard10", "..\..\source\HolisticWare_Core_Net_HTTP.NetStandard10\HolisticWare_Core_Net_HTTP.NetStandard10.csproj", "{0AEA6F73-AEC9-473E-8911-C140FEA830EC}"
EndProject
Project("{FAE04EC0-301F-11D3-BF4B-00C04F79EFBC}") = "HolisticWare_Core_Net_HTTP.Bindings.XamarinIOS", "..\..\source\HolisticWare_Core_Net_HTTP.Bindings.XamarinIOS\HolisticWare_Core_Net_HTTP.Bindings.XamarinIOS.csproj", "{A2A08A4D-5EB4-4C9A-A7ED-C23E40688798}"
EndProject
Project("{FAE04EC0-301F-11D3-BF4B-00C04F79EFBC}") = "HolisticWare_Core_Net_HTTP.Bindings.XamarinAndroid", "..\..\source\HolisticWare_Core_Net_HTTP.Bindings.XamarinAndroid\HolisticWare_Core_Net_HTTP.Bindings.XamarinAndroid.csproj", "{E59087F5-13F7-42AC-A9B9-178179705A84}"
EndProject
Project("{9A19103F-16F7-4668-BE54-9A1E7A4F7556}") = "HolisticWare_Core_Net_HTTP.Bindings.NetStandard10", "..\..\source\HolisticWare_Core_Net_HTTP.Bindings.NetStandard10\HolisticWare_Core_Net_HTTP.Bindings.NetStandard10.csproj", "{191CD6CA-E422-42A7-AD04-F3E731A9F553}"
EndProject
Project("{FAE04EC0-301F-11D3-BF4B-00C04F79EFBC}") = "HolisticWare_Core_Net_HTTP.XamarinIOS", "..\..\source\HolisticWare_Core_Net_HTTP.XamarinIOS\HolisticWare_Core_Net_HTTP.XamarinIOS.csproj", "{0FA4E7C0-318F-4515-AFA4-613FF3A296CB}"
EndProject
Project("{FAE04EC0-301F-11D3-BF4B-00C04F79EFBC}") = "HolisticWare_Core_Net_HTTP.XamarinAndroid", "..\..\source\HolisticWare_Core_Net_HTTP.XamarinAndroid\HolisticWare_Core_Net_HTTP.XamarinAndroid.csproj", "{BF701D87-B10A-40DB-B5FE-B4DA1B67139C}"
EndProject
Project("{D954291E-2A0B-460D-934E-DC6B0785DB48}") = "HolisticWare_Core_Net_HTTP.Common.Shared", "..\..\source\HolisticWare_Core_Net_HTTP.Common.Shared\HolisticWare_Core_Net_HTTP.Common.Shared.shproj", "{FED5275D-B937-4065-9A08-C17B2D704A14}"
EndProject
Global
	GlobalSection(SharedMSBuildProjectFiles) = preSolution
		..\..\source\HolisticWare_Core_Net_HTTP.Common.Shared\HolisticWare_Core_Net_HTTP.Common.Shared.projitems*{0fa4e7c0-318f-4515-afa4-613ff3a296cb}*SharedItemsImports = 4
		..\..\source\HolisticWare_Core_Net_HTTP.Common.Shared\HolisticWare_Core_Net_HTTP.Common.Shared.projitems*{E59087F5-13F7-42AC-A9B9-178179705A84}*SharedItemsImports = 4
		..\..\source\HolisticWare_Core_Net_HTTP.Common.Shared\HolisticWare_Core_Net_HTTP.Common.Shared.projitems*{A2A08A4D-5EB4-4C9A-A7ED-C23E40688798}*SharedItemsImports = 4
		..\..\source\HolisticWare_Core_Net_HTTP.Common.Shared\HolisticWare_Core_Net_HTTP.Common.Shared.projitems*{bf701d87-b10a-40db-b5fe-b4da1b67139c}*SharedItemsImports = 4
		..\..\source\HolisticWare_Core_Net_HTTP.Common.Shared\HolisticWare_Core_Net_HTTP.Common.Shared.projitems*{fed5275d-b937-4065-9a08-c17b2d704a14}*SharedItemsImports = 13
	EndGlobalSection
	GlobalSection(SolutionConfigurationPlatforms) = preSolution
		Debug|Any CPU = Debug|Any CPU
		Debug|iPhone = Debug|iPhone
		Debug|iPhoneSimulator = Debug|iPhoneSimulator
		Release|Any CPU = Release|Any CPU
		Release|iPhone = Release|iPhone
		Release|iPhoneSimulator = Release|iPhoneSimulator
	EndGlobalSection
	GlobalSection(ProjectConfigurationPlatforms) = postSolution
		{AD2E7560-B310-4344-ABF6-24F1E0FD88D9}.Debug|Any CPU.ActiveCfg = Debug|Any CPU
		{AD2E7560-B310-4344-ABF6-24F1E0FD88D9}.Debug|Any CPU.Build.0 = Debug|Any CPU
		{AD2E7560-B310-4344-ABF6-24F1E0FD88D9}.Debug|iPhone.ActiveCfg = Debug|Any CPU
		{AD2E7560-B310-4344-ABF6-24F1E0FD88D9}.Debug|iPhone.Build.0 = Debug|Any CPU
		{AD2E7560-B310-4344-ABF6-24F1E0FD88D9}.Debug|iPhoneSimulator.ActiveCfg = Debug|Any CPU
		{AD2E7560-B310-4344-ABF6-24F1E0FD88D9}.Debug|iPhoneSimulator.Build.0 = Debug|Any CPU
		{AD2E7560-B310-4344-ABF6-24F1E0FD88D9}.Release|Any CPU.ActiveCfg = Release|Any CPU
		{AD2E7560-B310-4344-ABF6-24F1E0FD88D9}.Release|Any CPU.Build.0 = Release|Any CPU
		{AD2E7560-B310-4344-ABF6-24F1E0FD88D9}.Release|iPhone.ActiveCfg = Release|Any CPU
		{AD2E7560-B310-4344-ABF6-24F1E0FD88D9}.Release|iPhone.Build.0 = Release|Any CPU
		{AD2E7560-B310-4344-ABF6-24F1E0FD88D9}.Release|iPhoneSimulator.ActiveCfg = Release|Any CPU
		{AD2E7560-B310-4344-ABF6-24F1E0FD88D9}.Release|iPhoneSimulator.Build.0 = Release|Any CPU
		{CB527209-EAE0-4741-A97D-D5167186EEAC}.Debug|Any CPU.ActiveCfg = Debug|Any CPU
		{CB527209-EAE0-4741-A97D-D5167186EEAC}.Debug|Any CPU.Build.0 = Debug|Any CPU
		{CB527209-EAE0-4741-A97D-D5167186EEAC}.Debug|iPhone.ActiveCfg = Debug|Any CPU
		{CB527209-EAE0-4741-A97D-D5167186EEAC}.Debug|iPhone.Build.0 = Debug|Any CPU
		{CB527209-EAE0-4741-A97D-D5167186EEAC}.Debug|iPhoneSimulator.ActiveCfg = Debug|Any CPU
		{CB527209-EAE0-4741-A97D-D5167186EEAC}.Debug|iPhoneSimulator.Build.0 = Debug|Any CPU
		{CB527209-EAE0-4741-A97D-D5167186EEAC}.Release|Any CPU.ActiveCfg = Release|Any CPU
		{CB527209-EAE0-4741-A97D-D5167186EEAC}.Release|Any CPU.Build.0 = Release|Any CPU
		{CB527209-EAE0-4741-A97D-D5167186EEAC}.Release|iPhone.ActiveCfg = Release|Any CPU
		{CB527209-EAE0-4741-A97D-D5167186EEAC}.Release|iPhone.Build.0 = Release|Any CPU
		{CB527209-EAE0-4741-A97D-D5167186EEAC}.Release|iPhoneSimulator.ActiveCfg = Release|Any CPU
		{CB527209-EAE0-4741-A97D-D5167186EEAC}.Release|iPhoneSimulator.Build.0 = Release|Any CPU
		{0AEA6F73-AEC9-473E-8911-C140FEA830EC}.Debug|Any CPU.ActiveCfg = Debug|Any CPU
		{0AEA6F73-AEC9-473E-8911-C140FEA830EC}.Debug|Any CPU.Build.0 = Debug|Any CPU
		{0AEA6F73-AEC9-473E-8911-C140FEA830EC}.Debug|iPhone.ActiveCfg = Debug|Any CPU
		{0AEA6F73-AEC9-473E-8911-C140FEA830EC}.Debug|iPhone.Build.0 = Debug|Any CPU
		{0AEA6F73-AEC9-473E-8911-C140FEA830EC}.Debug|iPhoneSimulator.ActiveCfg = Debug|Any CPU
		{0AEA6F73-AEC9-473E-8911-C140FEA830EC}.Debug|iPhoneSimulator.Build.0 = Debug|Any CPU
		{0AEA6F73-AEC9-473E-8911-C140FEA830EC}.Release|Any CPU.ActiveCfg = Release|Any CPU
		{0AEA6F73-AEC9-473E-8911-C140FEA830EC}.Release|Any CPU.Build.0 = Release|Any CPU
		{0AEA6F73-AEC9-473E-8911-C140FEA830EC}.Release|iPhone.ActiveCfg = Release|Any CPU
		{0AEA6F73-AEC9-473E-8911-C140FEA830EC}.Release|iPhone.Build.0 = Release|Any CPU
		{0AEA6F73-AEC9-473E-8911-C140FEA830EC}.Release|iPhoneSimulator.ActiveCfg = Release|Any CPU
		{0AEA6F73-AEC9-473E-8911-C140FEA830EC}.Release|iPhoneSimulator.Build.0 = Release|Any CPU
		{A2A08A4D-5EB4-4C9A-A7ED-C23E40688798}.Debug|Any CPU.ActiveCfg = Debug|Any CPU
		{A2A08A4D-5EB4-4C9A-A7ED-C23E40688798}.Debug|Any CPU.Build.0 = Debug|Any CPU
		{A2A08A4D-5EB4-4C9A-A7ED-C23E40688798}.Debug|iPhone.ActiveCfg = Debug|Any CPU
		{A2A08A4D-5EB4-4C9A-A7ED-C23E40688798}.Debug|iPhone.Build.0 = Debug|Any CPU
		{A2A08A4D-5EB4-4C9A-A7ED-C23E40688798}.Debug|iPhoneSimulator.ActiveCfg = Debug|Any CPU
		{A2A08A4D-5EB4-4C9A-A7ED-C23E40688798}.Debug|iPhoneSimulator.Build.0 = Debug|Any CPU
		{A2A08A4D-5EB4-4C9A-A7ED-C23E40688798}.Release|Any CPU.ActiveCfg = Release|Any CPU
		{A2A08A4D-5EB4-4C9A-A7ED-C23E40688798}.Release|Any CPU.Build.0 = Release|Any CPU
		{A2A08A4D-5EB4-4C9A-A7ED-C23E40688798}.Release|iPhone.ActiveCfg = Release|Any CPU
		{A2A08A4D-5EB4-4C9A-A7ED-C23E40688798}.Release|iPhone.Build.0 = Release|Any CPU
		{A2A08A4D-5EB4-4C9A-A7ED-C23E40688798}.Release|iPhoneSimulator.ActiveCfg = Release|Any CPU
		{A2A08A4D-5EB4-4C9A-A7ED-C23E40688798}.Release|iPhoneSimulator.Build.0 = Release|Any CPU
		{E59087F5-13F7-42AC-A9B9-178179705A84}.Debug|Any CPU.ActiveCfg = Debug|Any CPU
		{E59087F5-13F7-42AC-A9B9-178179705A84}.Debug|Any CPU.Build.0 = Debug|Any CPU
		{E59087F5-13F7-42AC-A9B9-178179705A84}.Debug|iPhone.ActiveCfg = Debug|Any CPU
		{E59087F5-13F7-42AC-A9B9-178179705A84}.Debug|iPhone.Build.0 = Debug|Any CPU
		{E59087F5-13F7-42AC-A9B9-178179705A84}.Debug|iPhoneSimulator.ActiveCfg = Debug|Any CPU
		{E59087F5-13F7-42AC-A9B9-178179705A84}.Debug|iPhoneSimulator.Build.0 = Debug|Any CPU
		{E59087F5-13F7-42AC-A9B9-178179705A84}.Release|Any CPU.ActiveCfg = Release|Any CPU
		{E59087F5-13F7-42AC-A9B9-178179705A84}.Release|Any CPU.Build.0 = Release|Any CPU
		{E59087F5-13F7-42AC-A9B9-178179705A84}.Release|iPhone.ActiveCfg = Release|Any CPU
		{E59087F5-13F7-42AC-A9B9-178179705A84}.Release|iPhone.Build.0 = Release|Any CPU
		{E59087F5-13F7-42AC-A9B9-178179705A84}.Release|iPhoneSimulator.ActiveCfg = Release|Any CPU
		{E59087F5-13F7-42AC-A9B9-178179705A84}.Release|iPhoneSimulator.Build.0 = Release|Any CPU
		{191CD6CA-E422-42A7-AD04-F3E731A9F553}.Debug|Any CPU.ActiveCfg = Debug|Any CPU
		{191CD6CA-E422-42A7-AD04-F3E731A9F553}.Debug|Any CPU.Build.0 = Debug|Any CPU
		{191CD6CA-E422-42A7-AD04-F3E731A9F553}.Debug|iPhone.ActiveCfg = Debug|Any CPU
		{191CD6CA-E422-42A7-AD04-F3E731A9F553}.Debug|iPhone.Build.0 = Debug|Any CPU
		{191CD6CA-E422-42A7-AD04-F3E731A9F553}.Debug|iPhoneSimulator.ActiveCfg = Debug|Any CPU
		{191CD6CA-E422-42A7-AD04-F3E731A9F553}.Debug|iPhoneSimulator.Build.0 = Debug|Any CPU
		{191CD6CA-E422-42A7-AD04-F3E731A9F553}.Release|Any CPU.ActiveCfg = Release|Any CPU
		{191CD6CA-E422-42A7-AD04-F3E731A9F553}.Release|Any CPU.Build.0 = Release|Any CPU
		{191CD6CA-E422-42A7-AD04-F3E731A9F553}.Release|iPhone.ActiveCfg = Release|Any CPU
		{191CD6CA-E422-42A7-AD04-F3E731A9F553}.Release|iPhone.Build.0 = Release|Any CPU
		{191CD6CA-E422-42A7-AD04-F3E731A9F553}.Release|iPhoneSimulator.ActiveCfg = Release|Any CPU
		{191CD6CA-E422-42A7-AD04-F3E731A9F553}.Release|iPhoneSimulator.Build.0 = Release|Any CPU
		{0FA4E7C0-318F-4515-AFA4-613FF3A296CB}.Debug|Any CPU.ActiveCfg = Debug|Any CPU
		{0FA4E7C0-318F-4515-AFA4-613FF3A296CB}.Debug|Any CPU.Build.0 = Debug|Any CPU
		{0FA4E7C0-318F-4515-AFA4-613FF3A296CB}.Debug|iPhone.ActiveCfg = Debug|Any CPU
		{0FA4E7C0-318F-4515-AFA4-613FF3A296CB}.Debug|iPhone.Build.0 = Debug|Any CPU
		{0FA4E7C0-318F-4515-AFA4-613FF3A296CB}.Debug|iPhoneSimulator.ActiveCfg = Debug|Any CPU
		{0FA4E7C0-318F-4515-AFA4-613FF3A296CB}.Debug|iPhoneSimulator.Build.0 = Debug|Any CPU
		{0FA4E7C0-318F-4515-AFA4-613FF3A296CB}.Release|Any CPU.ActiveCfg = Release|Any CPU
		{0FA4E7C0-318F-4515-AFA4-613FF3A296CB}.Release|Any CPU.Build.0 = Release|Any CPU
		{0FA4E7C0-318F-4515-AFA4-613FF3A296CB}.Release|iPhone.ActiveCfg = Release|Any CPU
		{0FA4E7C0-318F-4515-AFA4-613FF3A296CB}.Release|iPhone.Build.0 = Release|Any CPU
		{0FA4E7C0-318F-4515-AFA4-613FF3A296CB}.Release|iPhoneSimulator.ActiveCfg = Release|Any CPU
		{0FA4E7C0-318F-4515-AFA4-613FF3A296CB}.Release|iPhoneSimulator.Build.0 = Release|Any CPU
		{BF701D87-B10A-40DB-B5FE-B4DA1B67139C}.Debug|Any CPU.ActiveCfg = Debug|Any CPU
		{BF701D87-B10A-40DB-B5FE-B4DA1B67139C}.Debug|Any CPU.Build.0 = Debug|Any CPU
		{BF701D87-B10A-40DB-B5FE-B4DA1B67139C}.Debug|iPhone.ActiveCfg = Debug|Any CPU
		{BF701D87-B10A-40DB-B5FE-B4DA1B67139C}.Debug|iPhone.Build.0 = Debug|Any CPU
		{BF701D87-B10A-40DB-B5FE-B4DA1B67139C}.Debug|iPhoneSimulator.ActiveCfg = Debug|Any CPU
		{BF701D87-B10A-40DB-B5FE-B4DA1B67139C}.Debug|iPhoneSimulator.Build.0 = Debug|Any CPU
		{BF701D87-B10A-40DB-B5FE-B4DA1B67139C}.Release|Any CPU.ActiveCfg = Release|Any CPU
		{BF701D87-B10A-40DB-B5FE-B4DA1B67139C}.Release|Any CPU.Build.0 = Release|Any CPU
		{BF701D87-B10A-40DB-B5FE-B4DA1B67139C}.Release|iPhone.ActiveCfg = Release|Any CPU
		{BF701D87-B10A-40DB-B5FE-B4DA1B67139C}.Release|iPhone.Build.0 = Release|Any CPU
		{BF701D87-B10A-40DB-B5FE-B4DA1B67139C}.Release|iPhoneSimulator.ActiveCfg = Release|Any CPU
		{BF701D87-B10A-40DB-B5FE-B4DA1B67139C}.Release|iPhoneSimulator.Build.0 = Release|Any CPU
	EndGlobalSection
	GlobalSection(SolutionProperties) = preSolution
		HideSolutionNode = FALSE
	EndGlobalSection
	GlobalSection(NestedProjects) = preSolution
		{AD2E7560-B310-4344-ABF6-24F1E0FD88D9} = {CBE1664F-9157-42A6-902E-0E7C3B1447FF}
		{BD91CBF8-179D-40F9-9B36-36C4CA5E79E2} = {F413C3C6-135B-4C3A-B184-75E384D1B176}
		{CBE1664F-9157-42A6-902E-0E7C3B1447FF} = {F413C3C6-135B-4C3A-B184-75E384D1B176}
		{CB527209-EAE0-4741-A97D-D5167186EEAC} = {CBE1664F-9157-42A6-902E-0E7C3B1447FF}
		{0AEA6F73-AEC9-473E-8911-C140FEA830EC} = {56123580-99E9-45AC-8300-ABF8EE1D021E}
		{A2A08A4D-5EB4-4C9A-A7ED-C23E40688798} = {56123580-99E9-45AC-8300-ABF8EE1D021E}
		{E59087F5-13F7-42AC-A9B9-178179705A84} = {56123580-99E9-45AC-8300-ABF8EE1D021E}
		{191CD6CA-E422-42A7-AD04-F3E731A9F553} = {56123580-99E9-45AC-8300-ABF8EE1D021E}
		{0FA4E7C0-318F-4515-AFA4-613FF3A296CB} = {56123580-99E9-45AC-8300-ABF8EE1D021E}
		{BF701D87-B10A-40DB-B5FE-B4DA1B67139C} = {56123580-99E9-45AC-8300-ABF8EE1D021E}
		{FED5275D-B937-4065-9A08-C17B2D704A14} = {56123580-99E9-45AC-8300-ABF8EE1D021E}
	EndGlobalSection
	GlobalSection(ExtensibilityGlobals) = postSolution
		SolutionGuid = {3B186B8F-71D0-495E-82FB-1F94F696FDFC}
	EndGlobalSection
EndGlobal
