
Microsoft Visual Studio Solution File, Format Version 12.00
# Visual Studio 15
VisualStudioVersion = 15.0.27004.2009
MinimumVisualStudioVersion = 10.0.40219.1
Project("{D954291E-2A0B-460D-934E-DC6B0785DB48}") = "HolisticWare.Core.Net.HTTP", "HolisticWare.Core.Net.HTTP\HolisticWare.Core.Net.HTTP.shproj", "{0145436C-5EFE-4AD9-81BA-24D7BE276FD1}"
EndProject
Project("{FAE04EC0-301F-11D3-BF4B-00C04F79EFBC}") = "HolisticWare.Core.Net.HTTP.NetStandard10", "HolisticWare.Core.Net.HTTP.NetStandard10\HolisticWare.Core.Net.HTTP.NetStandard10.csproj", "{DACDA2FF-C378-4A2E-AEE9-0DB8193ED72C}"
EndProject
Project("{FAE04EC0-301F-11D3-BF4B-00C04F79EFBC}") = "HolisticWare.Core.Net.HTTP.NetStandard11", "HolisticWare.Core.Net.HTTP.NetStandard11\HolisticWare.Core.Net.HTTP.NetStandard11.csproj", "{1AF68393-519C-4412-B098-6F316E4CF194}"
EndProject
Project("{FAE04EC0-301F-11D3-BF4B-00C04F79EFBC}") = "HolisticWare.Core.Net.HTTP.NetStandard13", "HolisticWare.Core.Net.HTTP.NetStandard13\HolisticWare.Core.Net.HTTP.NetStandard13.csproj", "{DF159FDB-B3CB-486A-B89F-0F7651CCFD18}"
EndProject
Project("{FAE04EC0-301F-11D3-BF4B-00C04F79EFBC}") = "HolisticWare.Core.Net.HTTP.NetStandard20", "HolisticWare.Core.Net.HTTP.NetStandard20\HolisticWare.Core.Net.HTTP.NetStandard20.csproj", "{A0B59CB5-125A-4F81-A119-F66C66EC357C}"
EndProject
Global
	GlobalSection(SolutionConfigurationPlatforms) = preSolution
		Debug|Any CPU = Debug|Any CPU
		Release|Any CPU = Release|Any CPU
	EndGlobalSection
	GlobalSection(ProjectConfigurationPlatforms) = postSolution
		{DACDA2FF-C378-4A2E-AEE9-0DB8193ED72C}.Debug|Any CPU.ActiveCfg = Debug|Any CPU
		{DACDA2FF-C378-4A2E-AEE9-0DB8193ED72C}.Debug|Any CPU.Build.0 = Debug|Any CPU
		{DACDA2FF-C378-4A2E-AEE9-0DB8193ED72C}.Release|Any CPU.ActiveCfg = Release|Any CPU
		{DACDA2FF-C378-4A2E-AEE9-0DB8193ED72C}.Release|Any CPU.Build.0 = Release|Any CPU
		{1AF68393-519C-4412-B098-6F316E4CF194}.Debug|Any CPU.ActiveCfg = Debug|Any CPU
		{1AF68393-519C-4412-B098-6F316E4CF194}.Debug|Any CPU.Build.0 = Debug|Any CPU
		{1AF68393-519C-4412-B098-6F316E4CF194}.Release|Any CPU.ActiveCfg = Release|Any CPU
		{1AF68393-519C-4412-B098-6F316E4CF194}.Release|Any CPU.Build.0 = Release|Any CPU
		{DF159FDB-B3CB-486A-B89F-0F7651CCFD18}.Debug|Any CPU.ActiveCfg = Debug|Any CPU
		{DF159FDB-B3CB-486A-B89F-0F7651CCFD18}.Debug|Any CPU.Build.0 = Debug|Any CPU
		{DF159FDB-B3CB-486A-B89F-0F7651CCFD18}.Release|Any CPU.ActiveCfg = Release|Any CPU
		{DF159FDB-B3CB-486A-B89F-0F7651CCFD18}.Release|Any CPU.Build.0 = Release|Any CPU
		{A0B59CB5-125A-4F81-A119-F66C66EC357C}.Debug|Any CPU.ActiveCfg = Debug|Any CPU
		{A0B59CB5-125A-4F81-A119-F66C66EC357C}.Debug|Any CPU.Build.0 = Debug|Any CPU
		{A0B59CB5-125A-4F81-A119-F66C66EC357C}.Release|Any CPU.ActiveCfg = Release|Any CPU
		{A0B59CB5-125A-4F81-A119-F66C66EC357C}.Release|Any CPU.Build.0 = Release|Any CPU
	EndGlobalSection
EndGlobal
